{
  "lib/forge-std": {
    "tag": {
      "name": "v1.13.0",
      "rev": "c29afdd40a82db50a3d3709d324416be50050e5e"
    }
  },
  "lib/foundry-devops": {
    "tag": {
      "name": "0.4.0",
      "rev": "efff097a87e70c3d15661c9f2a2daeae0b33d5d5"
    }
  },
  "lib/openzeppelin-contracts": {
    "tag": {
      "name": "v4.6.0",
      "rev": "d4fb3a89f9d0a39c7ee6f2601d33ffbf30085322"
    }
  }
}